
Microsoft Visual Studio Solution File, Format Version 12.00
# Visual Studio Version 16
VisualStudioVersion = 16.0.29319.158
MinimumVisualStudioVersion = 15.0.26124.0
Project("{9A19103F-16F7-4668-BE54-9A1E7A4F7556}") = "ProgramPlanning", "ProgramPlanning\ProgramPlanning.csproj", "{F93BB0F8-2262-4B72-A317-E8F42F3CC322}"
EndProject
Project("{FAE04EC0-301F-11D3-BF4B-00C04F79EFBC}") = "ProgramPlanning.Wpf", "ProgramPlanning.Wpf\ProgramPlanning.Wpf.csproj", "{D17DE54F-CFE7-4913-8B0F-86503328A8F8}"
EndProject
Project("{FAE04EC0-301F-11D3-BF4B-00C04F79EFBC}") = "ProgramPlanning.Web", "ProgramPlanning.Web\ProgramPlanning.Web.csproj", "{94C78621-2C6E-4AC9-B329-3D3616661786}"
EndProject
Global
	GlobalSection(SolutionConfigurationPlatforms) = preSolution
		Debug|Any CPU = Debug|Any CPU
		Debug|x64 = Debug|x64
		Debug|x86 = Debug|x86
		Release|Any CPU = Release|Any CPU
		Release|x64 = Release|x64
		Release|x86 = Release|x86
	EndGlobalSection
	GlobalSection(ProjectConfigurationPlatforms) = postSolution
		{F93BB0F8-2262-4B72-A317-E8F42F3CC322}.Debug|Any CPU.ActiveCfg = Debug|Any CPU
		{F93BB0F8-2262-4B72-A317-E8F42F3CC322}.Debug|Any CPU.Build.0 = Debug|Any CPU
		{F93BB0F8-2262-4B72-A317-E8F42F3CC322}.Debug|x64.ActiveCfg = Debug|Any CPU
		{F93BB0F8-2262-4B72-A317-E8F42F3CC322}.Debug|x64.Build.0 = Debug|Any CPU
		{F93BB0F8-2262-4B72-A317-E8F42F3CC322}.Debug|x86.ActiveCfg = Debug|Any CPU
		{F93BB0F8-2262-4B72-A317-E8F42F3CC322}.Debug|x86.Build.0 = Debug|Any CPU
		{F93BB0F8-2262-4B72-A317-E8F42F3CC322}.Release|Any CPU.ActiveCfg = Release|Any CPU
		{F93BB0F8-2262-4B72-A317-E8F42F3CC322}.Release|Any CPU.Build.0 = Release|Any CPU
		{F93BB0F8-2262-4B72-A317-E8F42F3CC322}.Release|x64.ActiveCfg = Release|Any CPU
		{F93BB0F8-2262-4B72-A317-E8F42F3CC322}.Release|x64.Build.0 = Release|Any CPU
		{F93BB0F8-2262-4B72-A317-E8F42F3CC322}.Release|x86.ActiveCfg = Release|Any CPU
		{F93BB0F8-2262-4B72-A317-E8F42F3CC322}.Release|x86.Build.0 = Release|Any CPU
		{D17DE54F-CFE7-4913-8B0F-86503328A8F8}.Debug|Any CPU.ActiveCfg = Debug|Any CPU
		{D17DE54F-CFE7-4913-8B0F-86503328A8F8}.Debug|Any CPU.Build.0 = Debug|Any CPU
		{D17DE54F-CFE7-4913-8B0F-86503328A8F8}.Debug|x64.ActiveCfg = Debug|Any CPU
		{D17DE54F-CFE7-4913-8B0F-86503328A8F8}.Debug|x64.Build.0 = Debug|Any CPU
		{D17DE54F-CFE7-4913-8B0F-86503328A8F8}.Debug|x86.ActiveCfg = Debug|Any CPU
		{D17DE54F-CFE7-4913-8B0F-86503328A8F8}.Debug|x86.Build.0 = Debug|Any CPU
		{D17DE54F-CFE7-4913-8B0F-86503328A8F8}.Release|Any CPU.ActiveCfg = Release|Any CPU
		{D17DE54F-CFE7-4913-8B0F-86503328A8F8}.Release|Any CPU.Build.0 = Release|Any CPU
		{D17DE54F-CFE7-4913-8B0F-86503328A8F8}.Release|x64.ActiveCfg = Release|Any CPU
		{D17DE54F-CFE7-4913-8B0F-86503328A8F8}.Release|x64.Build.0 = Release|Any CPU
		{D17DE54F-CFE7-4913-8B0F-86503328A8F8}.Release|x86.ActiveCfg = Release|Any CPU
		{D17DE54F-CFE7-4913-8B0F-86503328A8F8}.Release|x86.Build.0 = Release|Any CPU
		{94C78621-2C6E-4AC9-B329-3D3616661786}.Debug|Any CPU.ActiveCfg = Debug|Any CPU
		{94C78621-2C6E-4AC9-B329-3D3616661786}.Debug|Any CPU.Build.0 = Debug|Any CPU
		{94C78621-2C6E-4AC9-B329-3D3616661786}.Debug|x64.ActiveCfg = Debug|Any CPU
		{94C78621-2C6E-4AC9-B329-3D3616661786}.Debug|x64.Build.0 = Debug|Any CPU
		{94C78621-2C6E-4AC9-B329-3D3616661786}.Debug|x86.ActiveCfg = Debug|Any CPU
		{94C78621-2C6E-4AC9-B329-3D3616661786}.Debug|x86.Build.0 = Debug|Any CPU
		{94C78621-2C6E-4AC9-B329-3D3616661786}.Release|Any CPU.ActiveCfg = Release|Any CPU
		{94C78621-2C6E-4AC9-B329-3D3616661786}.Release|Any CPU.Build.0 = Release|Any CPU
		{94C78621-2C6E-4AC9-B329-3D3616661786}.Release|x64.ActiveCfg = Release|Any CPU
		{94C78621-2C6E-4AC9-B329-3D3616661786}.Release|x64.Build.0 = Release|Any CPU
		{94C78621-2C6E-4AC9-B329-3D3616661786}.Release|x86.ActiveCfg = Release|Any CPU
		{94C78621-2C6E-4AC9-B329-3D3616661786}.Release|x86.Build.0 = Release|Any CPU
	EndGlobalSection
	GlobalSection(SolutionProperties) = preSolution
		HideSolutionNode = FALSE
	EndGlobalSection
	GlobalSection(ExtensibilityGlobals) = postSolution
		SolutionGuid = {7B2C6016-31D3-49D0-BB88-BC38F046FBD7}
	EndGlobalSection
EndGlobal
